
Microsoft Visual Studio Solution File, Format Version 12.00
# Visual Studio 15
VisualStudioVersion = 15.0.26124.0
MinimumVisualStudioVersion = 15.0.26124.0
Project("{FAE04EC0-301F-11D3-BF4B-00C04F79EFBC}") = "MyMath", "MyMath\MyMath.csproj", "{4E38B779-0C8B-4E56-BA4B-4F2C4EB76562}"
EndProject
Project("{FAE04EC0-301F-11D3-BF4B-00C04F79EFBC}") = "MyMath.Tests", "MyMath.Tests\MyMath.Tests.csproj", "{98937D62-6A40-4C6E-8EE0-540290E528FA}"
EndProject
Global
	GlobalSection(SolutionConfigurationPlatforms) = preSolution
		Debug|Any CPU = Debug|Any CPU
		Debug|x64 = Debug|x64
		Debug|x86 = Debug|x86
		Release|Any CPU = Release|Any CPU
		Release|x64 = Release|x64
		Release|x86 = Release|x86
	EndGlobalSection
	GlobalSection(SolutionProperties) = preSolution
		HideSolutionNode = FALSE
	EndGlobalSection
	GlobalSection(ProjectConfigurationPlatforms) = postSolution
		{4E38B779-0C8B-4E56-BA4B-4F2C4EB76562}.Debug|Any CPU.ActiveCfg = Debug|Any CPU
		{4E38B779-0C8B-4E56-BA4B-4F2C4EB76562}.Debug|Any CPU.Build.0 = Debug|Any CPU
		{4E38B779-0C8B-4E56-BA4B-4F2C4EB76562}.Debug|x64.ActiveCfg = Debug|Any CPU
		{4E38B779-0C8B-4E56-BA4B-4F2C4EB76562}.Debug|x64.Build.0 = Debug|Any CPU
		{4E38B779-0C8B-4E56-BA4B-4F2C4EB76562}.Debug|x86.ActiveCfg = Debug|Any CPU
		{4E38B779-0C8B-4E56-BA4B-4F2C4EB76562}.Debug|x86.Build.0 = Debug|Any CPU
		{4E38B779-0C8B-4E56-BA4B-4F2C4EB76562}.Release|Any CPU.ActiveCfg = Release|Any CPU
		{4E38B779-0C8B-4E56-BA4B-4F2C4EB76562}.Release|Any CPU.Build.0 = Release|Any CPU
		{4E38B779-0C8B-4E56-BA4B-4F2C4EB76562}.Release|x64.ActiveCfg = Release|Any CPU
		{4E38B779-0C8B-4E56-BA4B-4F2C4EB76562}.Release|x64.Build.0 = Release|Any CPU
		{4E38B779-0C8B-4E56-BA4B-4F2C4EB76562}.Release|x86.ActiveCfg = Release|Any CPU
		{4E38B779-0C8B-4E56-BA4B-4F2C4EB76562}.Release|x86.Build.0 = Release|Any CPU
		{98937D62-6A40-4C6E-8EE0-540290E528FA}.Debug|Any CPU.ActiveCfg = Debug|Any CPU
		{98937D62-6A40-4C6E-8EE0-540290E528FA}.Debug|Any CPU.Build.0 = Debug|Any CPU
		{98937D62-6A40-4C6E-8EE0-540290E528FA}.Debug|x64.ActiveCfg = Debug|Any CPU
		{98937D62-6A40-4C6E-8EE0-540290E528FA}.Debug|x64.Build.0 = Debug|Any CPU
		{98937D62-6A40-4C6E-8EE0-540290E528FA}.Debug|x86.ActiveCfg = Debug|Any CPU
		{98937D62-6A40-4C6E-8EE0-540290E528FA}.Debug|x86.Build.0 = Debug|Any CPU
		{98937D62-6A40-4C6E-8EE0-540290E528FA}.Release|Any CPU.ActiveCfg = Release|Any CPU
		{98937D62-6A40-4C6E-8EE0-540290E528FA}.Release|Any CPU.Build.0 = Release|Any CPU
		{98937D62-6A40-4C6E-8EE0-540290E528FA}.Release|x64.ActiveCfg = Release|Any CPU
		{98937D62-6A40-4C6E-8EE0-540290E528FA}.Release|x64.Build.0 = Release|Any CPU
		{98937D62-6A40-4C6E-8EE0-540290E528FA}.Release|x86.ActiveCfg = Release|Any CPU
		{98937D62-6A40-4C6E-8EE0-540290E528FA}.Release|x86.Build.0 = Release|Any CPU
	EndGlobalSection
EndGlobal
